// !$*UTF8*$!
{
	archiveVersion = 1;
	classes = {
	};
	objectVersion = 56;
	objects = {

/* Begin PBXBuildFile section */
		/* App files */
		AAA00001001 /* MemooApp.swift in Sources */ = {isa = PBXBuildFile; fileRef = AAA00001000 /* MemooApp.swift */; };
		AAA00002001 /* AppDelegate.swift in Sources */ = {isa = PBXBuildFile; fileRef = AAA00002000 /* AppDelegate.swift */; };

		/* Models */
		AAA00003001 /* Note.swift in Sources */ = {isa = PBXBuildFile; fileRef = AAA00003000 /* Note.swift */; };

		/* Storage */
		AAA00007001 /* DataController.swift in Sources */ = {isa = PBXBuildFile; fileRef = AAA00007000 /* DataController.swift */; };

		/* Window */
		AAA00012001 /* FloatingPanel.swift in Sources */ = {isa = PBXBuildFile; fileRef = AAA00012000 /* FloatingPanel.swift */; };
		AAA00011001 /* WindowManager.swift in Sources */ = {isa = PBXBuildFile; fileRef = AAA00011000 /* WindowManager.swift */; };

		/* HotKey */
		AAA00014001 /* HotKeyManager.swift in Sources */ = {isa = PBXBuildFile; fileRef = AAA00014000 /* HotKeyManager.swift */; };

		/* MenuBar */
		AAA00017001 /* StatusBarController.swift in Sources */ = {isa = PBXBuildFile; fileRef = AAA00017000 /* StatusBarController.swift */; };

		/* ViewModels */
		AAA0000A001 /* NotesViewModel.swift in Sources */ = {isa = PBXBuildFile; fileRef = AAA0000A000 /* NotesViewModel.swift */; };

		/* Views */
		AAA0000B001 /* TabItemView.swift in Sources */ = {isa = PBXBuildFile; fileRef = AAA0000B000 /* TabItemView.swift */; };
		AAA0000C001 /* TabBarView.swift in Sources */ = {isa = PBXBuildFile; fileRef = AAA0000C000 /* TabBarView.swift */; };
		AAA0000D001 /* NoteEditorView.swift in Sources */ = {isa = PBXBuildFile; fileRef = AAA0000D000 /* NoteEditorView.swift */; };
		AAA0000E001 /* MainContentView.swift in Sources */ = {isa = PBXBuildFile; fileRef = AAA0000E000 /* MainContentView.swift */; };

		/* Settings Views */
		AAA00016001 /* SettingsView.swift in Sources */ = {isa = PBXBuildFile; fileRef = AAA00016000 /* SettingsView.swift */; };

		/* Resources */
		AAA00004001 /* Assets.xcassets in Resources */ = {isa = PBXBuildFile; fileRef = AAA00004000 /* Assets.xcassets */; };

		/* Tests */
		AAA00005001 /* SetupTests.swift in Sources */ = {isa = PBXBuildFile; fileRef = AAA00005000 /* SetupTests.swift */; };
		AAA00008001 /* NoteModelTests.swift in Sources */ = {isa = PBXBuildFile; fileRef = AAA00008000 /* NoteModelTests.swift */; };
		AAA00009001 /* DataControllerTests.swift in Sources */ = {isa = PBXBuildFile; fileRef = AAA00009000 /* DataControllerTests.swift */; };
		AAA0000F001 /* NotesViewModelTests.swift in Sources */ = {isa = PBXBuildFile; fileRef = AAA0000F000 /* NotesViewModelTests.swift */; };
		AAA00013001 /* WindowManagerTests.swift in Sources */ = {isa = PBXBuildFile; fileRef = AAA00013000 /* WindowManagerTests.swift */; };
		AAA00015001 /* HotKeyManagerTests.swift in Sources */ = {isa = PBXBuildFile; fileRef = AAA00015000 /* HotKeyManagerTests.swift */; };

		/* HotKey Package */
		AAA00006001 /* HotKey in Frameworks */ = {isa = PBXBuildFile; productRef = AAA00006000 /* HotKey */; };
/* End PBXBuildFile section */

/* Begin PBXContainerItemProxy section */
		AAA00010000 /* PBXContainerItemProxy */ = {
			isa = PBXContainerItemProxy;
			containerPortal = AAA00000000 /* Project object */;
			proxyType = 1;
			remoteGlobalIDString = AAA00100000;
			remoteInfo = Memoo;
		};
/* End PBXContainerItemProxy section */

/* Begin PBXFileReference section */
		/* App files */
		AAA00001000 /* MemooApp.swift */ = {isa = PBXFileReference; lastKnownFileType = sourcecode.swift; path = MemooApp.swift; sourceTree = "<group>"; };
		AAA00002000 /* AppDelegate.swift */ = {isa = PBXFileReference; lastKnownFileType = sourcecode.swift; path = AppDelegate.swift; sourceTree = "<group>"; };

		/* Models */
		AAA00003000 /* Note.swift */ = {isa = PBXFileReference; lastKnownFileType = sourcecode.swift; path = Note.swift; sourceTree = "<group>"; };

		/* Resources */
		AAA00004000 /* Assets.xcassets */ = {isa = PBXFileReference; lastKnownFileType = folder.assetcatalog; path = Assets.xcassets; sourceTree = "<group>"; };
		AAA00004002 /* Info.plist */ = {isa = PBXFileReference; lastKnownFileType = text.plist.xml; path = Info.plist; sourceTree = "<group>"; };

		/* Storage */
		AAA00007000 /* DataController.swift */ = {isa = PBXFileReference; lastKnownFileType = sourcecode.swift; path = DataController.swift; sourceTree = "<group>"; };

		/* Window */
		AAA00012000 /* FloatingPanel.swift */ = {isa = PBXFileReference; lastKnownFileType = sourcecode.swift; path = FloatingPanel.swift; sourceTree = "<group>"; };
		AAA00011000 /* WindowManager.swift */ = {isa = PBXFileReference; lastKnownFileType = sourcecode.swift; path = WindowManager.swift; sourceTree = "<group>"; };

		/* HotKey */
		AAA00014000 /* HotKeyManager.swift */ = {isa = PBXFileReference; lastKnownFileType = sourcecode.swift; path = HotKeyManager.swift; sourceTree = "<group>"; };

		/* MenuBar */
		AAA00017000 /* StatusBarController.swift */ = {isa = PBXFileReference; lastKnownFileType = sourcecode.swift; path = StatusBarController.swift; sourceTree = "<group>"; };

		/* ViewModels */
		AAA0000A000 /* NotesViewModel.swift */ = {isa = PBXFileReference; lastKnownFileType = sourcecode.swift; path = NotesViewModel.swift; sourceTree = "<group>"; };

		/* Views */
		AAA0000B000 /* TabItemView.swift */ = {isa = PBXFileReference; lastKnownFileType = sourcecode.swift; path = TabItemView.swift; sourceTree = "<group>"; };
		AAA0000C000 /* TabBarView.swift */ = {isa = PBXFileReference; lastKnownFileType = sourcecode.swift; path = TabBarView.swift; sourceTree = "<group>"; };
		AAA0000D000 /* NoteEditorView.swift */ = {isa = PBXFileReference; lastKnownFileType = sourcecode.swift; path = NoteEditorView.swift; sourceTree = "<group>"; };
		AAA0000E000 /* MainContentView.swift */ = {isa = PBXFileReference; lastKnownFileType = sourcecode.swift; path = MainContentView.swift; sourceTree = "<group>"; };

		/* Settings Views */
		AAA00016000 /* SettingsView.swift */ = {isa = PBXFileReference; lastKnownFileType = sourcecode.swift; path = SettingsView.swift; sourceTree = "<group>"; };

		/* Tests */
		AAA00005000 /* SetupTests.swift */ = {isa = PBXFileReference; lastKnownFileType = sourcecode.swift; path = SetupTests.swift; sourceTree = "<group>"; };
		AAA00008000 /* NoteModelTests.swift */ = {isa = PBXFileReference; lastKnownFileType = sourcecode.swift; path = NoteModelTests.swift; sourceTree = "<group>"; };
		AAA00009000 /* DataControllerTests.swift */ = {isa = PBXFileReference; lastKnownFileType = sourcecode.swift; path = DataControllerTests.swift; sourceTree = "<group>"; };
		AAA0000F000 /* NotesViewModelTests.swift */ = {isa = PBXFileReference; lastKnownFileType = sourcecode.swift; path = NotesViewModelTests.swift; sourceTree = "<group>"; };
		AAA00013000 /* WindowManagerTests.swift */ = {isa = PBXFileReference; lastKnownFileType = sourcecode.swift; path = WindowManagerTests.swift; sourceTree = "<group>"; };
		AAA00015000 /* HotKeyManagerTests.swift */ = {isa = PBXFileReference; lastKnownFileType = sourcecode.swift; path = HotKeyManagerTests.swift; sourceTree = "<group>"; };

		/* Products */
		AAA00101000 /* Memoo.app */ = {isa = PBXFileReference; explicitFileType = wrapper.application; includeInIndex = 0; path = Memoo.app; sourceTree = BUILT_PRODUCTS_DIR; };
		AAA00102000 /* MemooTests.xctest */ = {isa = PBXFileReference; explicitFileType = wrapper.cfbundle; includeInIndex = 0; path = MemooTests.xctest; sourceTree = BUILT_PRODUCTS_DIR; };
/* End PBXFileReference section */

/* Begin PBXFrameworksBuildPhase section */
		AAA00200000 /* Frameworks */ = {
			isa = PBXFrameworksBuildPhase;
			buildActionMask = 2147483647;
			files = (
				AAA00006001 /* HotKey in Frameworks */,
			);
			runOnlyForDeploymentPostprocessing = 0;
		};
		AAA00200001 /* Frameworks */ = {
			isa = PBXFrameworksBuildPhase;
			buildActionMask = 2147483647;
			files = (
			);
			runOnlyForDeploymentPostprocessing = 0;
		};
/* End PBXFrameworksBuildPhase section */

/* Begin PBXGroup section */
		AAA00300000 /* Root */ = {
			isa = PBXGroup;
			children = (
				AAA00300001 /* App */,
				AAA00300002 /* Features */,
				AAA00300003 /* Core */,
				AAA00300004 /* Resources */,
				AAA00300005 /* Tests */,
				AAA00300006 /* Products */,
			);
			sourceTree = "<group>";
		};
		AAA00300001 /* App */ = {
			isa = PBXGroup;
			children = (
				AAA00001000 /* MemooApp.swift */,
				AAA00002000 /* AppDelegate.swift */,
			);
			path = App;
			sourceTree = "<group>";
		};
		AAA00300002 /* Features */ = {
			isa = PBXGroup;
			children = (
				AAA00300010 /* Notes */,
				AAA00300011 /* Settings */,
				AAA00300012 /* HotKey */,
			);
			path = Features;
			sourceTree = "<group>";
		};
		AAA00300003 /* Core */ = {
			isa = PBXGroup;
			children = (
				AAA00300020 /* Storage */,
				AAA00300021 /* Window */,
				AAA00300023 /* MenuBar */,
				AAA00300022 /* Extensions */,
			);
			path = Core;
			sourceTree = "<group>";
		};
		AAA00300023 /* MenuBar */ = {
			isa = PBXGroup;
			children = (
				AAA00017000 /* StatusBarController.swift */,
			);
			path = MenuBar;
			sourceTree = "<group>";
		};
		AAA00300004 /* Resources */ = {
			isa = PBXGroup;
			children = (
				AAA00004000 /* Assets.xcassets */,
				AAA00004002 /* Info.plist */,
			);
			path = Resources;
			sourceTree = "<group>";
		};
		AAA00300005 /* Tests */ = {
			isa = PBXGroup;
			children = (
				AAA00300030 /* MemooTests */,
			);
			path = Tests;
			sourceTree = "<group>";
		};
		AAA00300006 /* Products */ = {
			isa = PBXGroup;
			children = (
				AAA00101000 /* Memoo.app */,
				AAA00102000 /* MemooTests.xctest */,
			);
			name = Products;
			sourceTree = "<group>";
		};
		AAA00300010 /* Notes */ = {
			isa = PBXGroup;
			children = (
				AAA00300013 /* Models */,
				AAA00300014 /* Views */,
				AAA00300015 /* ViewModels */,
			);
			path = Notes;
			sourceTree = "<group>";
		};
		AAA00300011 /* Settings */ = {
			isa = PBXGroup;
			children = (
				AAA00300016 /* Views */,
				AAA00300017 /* ViewModels */,
			);
			path = Settings;
			sourceTree = "<group>";
		};
		AAA00300012 /* HotKey */ = {
			isa = PBXGroup;
			children = (
				AAA00014000 /* HotKeyManager.swift */,
			);
			path = HotKey;
			sourceTree = "<group>";
		};
		AAA00300013 /* Models */ = {
			isa = PBXGroup;
			children = (
				AAA00003000 /* Note.swift */,
			);
			path = Models;
			sourceTree = "<group>";
		};
		AAA00300014 /* Views */ = {
			isa = PBXGroup;
			children = (
				AAA0000B000 /* TabItemView.swift */,
				AAA0000C000 /* TabBarView.swift */,
				AAA0000D000 /* NoteEditorView.swift */,
				AAA0000E000 /* MainContentView.swift */,
			);
			path = Views;
			sourceTree = "<group>";
		};
		AAA00300015 /* ViewModels */ = {
			isa = PBXGroup;
			children = (
				AAA0000A000 /* NotesViewModel.swift */,
			);
			path = ViewModels;
			sourceTree = "<group>";
		};
		AAA00300016 /* Views */ = {
			isa = PBXGroup;
			children = (
				AAA00016000 /* SettingsView.swift */,
			);
			path = Views;
			sourceTree = "<group>";
		};
		AAA00300017 /* ViewModels */ = {
			isa = PBXGroup;
			children = (
			);
			path = ViewModels;
			sourceTree = "<group>";
		};
		AAA00300020 /* Storage */ = {
			isa = PBXGroup;
			children = (
				AAA00007000 /* DataController.swift */,
			);
			path = Storage;
			sourceTree = "<group>";
		};
		AAA00300021 /* Window */ = {
			isa = PBXGroup;
			children = (
				AAA00012000 /* FloatingPanel.swift */,
				AAA00011000 /* WindowManager.swift */,
			);
			path = Window;
			sourceTree = "<group>";
		};
		AAA00300022 /* Extensions */ = {
			isa = PBXGroup;
			children = (
			);
			path = Extensions;
			sourceTree = "<group>";
		};
		AAA00300030 /* MemooTests */ = {
			isa = PBXGroup;
			children = (
				AAA00005000 /* SetupTests.swift */,
				AAA00300031 /* DataTests */,
				AAA00300032 /* ViewModelTests */,
				AAA00300033 /* WindowTests */,
				AAA00300034 /* HotKeyTests */,
			);
			path = MemooTests;
			sourceTree = "<group>";
		};
		AAA00300034 /* HotKeyTests */ = {
			isa = PBXGroup;
			children = (
				AAA00015000 /* HotKeyManagerTests.swift */,
			);
			path = HotKeyTests;
			sourceTree = "<group>";
		};
		AAA00300033 /* WindowTests */ = {
			isa = PBXGroup;
			children = (
				AAA00013000 /* WindowManagerTests.swift */,
			);
			path = WindowTests;
			sourceTree = "<group>";
		};
		AAA00300031 /* DataTests */ = {
			isa = PBXGroup;
			children = (
				AAA00008000 /* NoteModelTests.swift */,
				AAA00009000 /* DataControllerTests.swift */,
			);
			path = DataTests;
			sourceTree = "<group>";
		};
		AAA00300032 /* ViewModelTests */ = {
			isa = PBXGroup;
			children = (
				AAA0000F000 /* NotesViewModelTests.swift */,
			);
			path = ViewModelTests;
			sourceTree = "<group>";
		};
/* End PBXGroup section */

/* Begin PBXNativeTarget section */
		AAA00100000 /* Memoo */ = {
			isa = PBXNativeTarget;
			buildConfigurationList = AAA00400000 /* Build configuration list for PBXNativeTarget "Memoo" */;
			buildPhases = (
				AAA00500000 /* Sources */,
				AAA00200000 /* Frameworks */,
				AAA00600000 /* Resources */,
			);
			buildRules = (
			);
			dependencies = (
			);
			name = Memoo;
			packageProductDependencies = (
				AAA00006000 /* HotKey */,
			);
			productName = Memoo;
			productReference = AAA00101000 /* Memoo.app */;
			productType = "com.apple.product-type.application";
		};
		AAA00100001 /* MemooTests */ = {
			isa = PBXNativeTarget;
			buildConfigurationList = AAA00400001 /* Build configuration list for PBXNativeTarget "MemooTests" */;
			buildPhases = (
				AAA00500001 /* Sources */,
				AAA00200001 /* Frameworks */,
			);
			buildRules = (
			);
			dependencies = (
				AAA00010001 /* PBXTargetDependency */,
			);
			name = MemooTests;
			productName = MemooTests;
			productReference = AAA00102000 /* MemooTests.xctest */;
			productType = "com.apple.product-type.bundle.unit-test";
		};
/* End PBXNativeTarget section */

/* Begin PBXProject section */
		AAA00000000 /* Project object */ = {
			isa = PBXProject;
			attributes = {
				BuildIndependentTargetsInParallel = 1;
				LastSwiftUpdateCheck = 1600;
				LastUpgradeCheck = 1600;
				TargetAttributes = {
					AAA00100000 = {
						CreatedOnToolsVersion = 16.0;
					};
					AAA00100001 = {
						CreatedOnToolsVersion = 16.0;
						TestTargetID = AAA00100000;
					};
				};
			};
			buildConfigurationList = AAA00400002 /* Build configuration list for PBXProject "Memoo" */;
			compatibilityVersion = "Xcode 14.0";
			developmentRegion = en;
			hasScannedForEncodings = 0;
			knownRegions = (
				en,
				Base,
				ru,
			);
			mainGroup = AAA00300000 /* Root */;
			packageReferences = (
				AAA00700000 /* XCRemoteSwiftPackageReference "HotKey" */,
			);
			productRefGroup = AAA00300006 /* Products */;
			projectDirPath = "";
			projectRoot = "";
			targets = (
				AAA00100000 /* Memoo */,
				AAA00100001 /* MemooTests */,
			);
		};
/* End PBXProject section */

/* Begin PBXResourcesBuildPhase section */
		AAA00600000 /* Resources */ = {
			isa = PBXResourcesBuildPhase;
			buildActionMask = 2147483647;
			files = (
				AAA00004001 /* Assets.xcassets in Resources */,
			);
			runOnlyForDeploymentPostprocessing = 0;
		};
/* End PBXResourcesBuildPhase section */

/* Begin PBXSourcesBuildPhase section */
		AAA00500000 /* Sources */ = {
			isa = PBXSourcesBuildPhase;
			buildActionMask = 2147483647;
			files = (
				AAA00001001 /* MemooApp.swift in Sources */,
				AAA00002001 /* AppDelegate.swift in Sources */,
				AAA00003001 /* Note.swift in Sources */,
				AAA00007001 /* DataController.swift in Sources */,
				AAA00012001 /* FloatingPanel.swift in Sources */,
				AAA00011001 /* WindowManager.swift in Sources */,
				AAA00014001 /* HotKeyManager.swift in Sources */,
				AAA0000A001 /* NotesViewModel.swift in Sources */,
				AAA0000B001 /* TabItemView.swift in Sources */,
				AAA0000C001 /* TabBarView.swift in Sources */,
				AAA0000D001 /* NoteEditorView.swift in Sources */,
				AAA0000E001 /* MainContentView.swift in Sources */,
				AAA00016001 /* SettingsView.swift in Sources */,
				AAA00017001 /* StatusBarController.swift in Sources */,
			);
			runOnlyForDeploymentPostprocessing = 0;
		};
		AAA00500001 /* Sources */ = {
			isa = PBXSourcesBuildPhase;
			buildActionMask = 2147483647;
			files = (
				AAA00005001 /* SetupTests.swift in Sources */,
				AAA00008001 /* NoteModelTests.swift in Sources */,
				AAA00009001 /* DataControllerTests.swift in Sources */,
				AAA0000F001 /* NotesViewModelTests.swift in Sources */,
				AAA00013001 /* WindowManagerTests.swift in Sources */,
				AAA00015001 /* HotKeyManagerTests.swift in Sources */,
			);
			runOnlyForDeploymentPostprocessing = 0;
		};
/* End PBXSourcesBuildPhase section */

/* Begin PBXTargetDependency section */
		AAA00010001 /* PBXTargetDependency */ = {
			isa = PBXTargetDependency;
			target = AAA00100000 /* Memoo */;
			targetProxy = AAA00010000 /* PBXContainerItemProxy */;
		};
/* End PBXTargetDependency section */

/* Begin XCBuildConfiguration section */
		AAA00800000 /* Debug */ = {
			isa = XCBuildConfiguration;
			buildSettings = {
				ALWAYS_SEARCH_USER_PATHS = NO;
				ASSETCATALOG_COMPILER_GENERATE_SWIFT_ASSET_SYMBOL_EXTENSIONS = YES;
				CLANG_ANALYZER_NONNULL = YES;
				CLANG_ANALYZER_NUMBER_OBJECT_CONVERSION = YES_AGGRESSIVE;
				CLANG_CXX_LANGUAGE_STANDARD = "gnu++20";
				CLANG_ENABLE_MODULES = YES;
				CLANG_ENABLE_OBJC_ARC = YES;
				CLANG_ENABLE_OBJC_WEAK = YES;
				CLANG_WARN_BLOCK_CAPTURE_AUTORELEASING = YES;
				CLANG_WARN_BOOL_CONVERSION = YES;
				CLANG_WARN_COMMA = YES;
				CLANG_WARN_CONSTANT_CONVERSION = YES;
				CLANG_WARN_DEPRECATED_OBJC_IMPLEMENTATIONS = YES;
				CLANG_WARN_DIRECT_OBJC_ISA_USAGE = YES_ERROR;
				CLANG_WARN_DOCUMENTATION_COMMENTS = YES;
				CLANG_WARN_EMPTY_BODY = YES;
				CLANG_WARN_ENUM_CONVERSION = YES;
				CLANG_WARN_INFINITE_RECURSION = YES;
				CLANG_WARN_INT_CONVERSION = YES;
				CLANG_WARN_NON_LITERAL_NULL_CONVERSION = YES;
				CLANG_WARN_OBJC_IMPLICIT_RETAIN_SELF = YES;
				CLANG_WARN_OBJC_LITERAL_CONVERSION = YES;
				CLANG_WARN_OBJC_ROOT_CLASS = YES_ERROR;
				CLANG_WARN_QUOTED_INCLUDE_IN_FRAMEWORK_HEADER = YES;
				CLANG_WARN_RANGE_LOOP_ANALYSIS = YES;
				CLANG_WARN_STRICT_PROTOTYPES = YES;
				CLANG_WARN_SUSPICIOUS_MOVE = YES;
				CLANG_WARN_UNGUARDED_AVAILABILITY = YES_AGGRESSIVE;
				CLANG_WARN_UNREACHABLE_CODE = YES;
				CLANG_WARN__DUPLICATE_METHOD_MATCH = YES;
				COPY_PHASE_STRIP = NO;
				DEBUG_INFORMATION_FORMAT = dwarf;
				ENABLE_STRICT_OBJC_MSGSEND = YES;
				ENABLE_TESTABILITY = YES;
				ENABLE_USER_SCRIPT_SANDBOXING = YES;
				GCC_C_LANGUAGE_STANDARD = gnu17;
				GCC_DYNAMIC_NO_PIC = NO;
				GCC_NO_COMMON_BLOCKS = YES;
				GCC_OPTIMIZATION_LEVEL = 0;
				GCC_PREPROCESSOR_DEFINITIONS = (
					"DEBUG=1",
					"$(inherited)",
				);
				GCC_WARN_64_TO_32_BIT_CONVERSION = YES;
				GCC_WARN_ABOUT_RETURN_TYPE = YES_ERROR;
				GCC_WARN_UNDECLARED_SELECTOR = YES;
				GCC_WARN_UNINITIALIZED_AUTOS = YES_AGGRESSIVE;
				GCC_WARN_UNUSED_FUNCTION = YES;
				GCC_WARN_UNUSED_VARIABLE = YES;
				LOCALIZATION_PREFERS_STRING_CATALOGS = YES;
				MACOSX_DEPLOYMENT_TARGET = 15.0;
				MTL_ENABLE_DEBUG_INFO = INCLUDE_SOURCE;
				MTL_FAST_MATH = YES;
				ONLY_ACTIVE_ARCH = YES;
				SDKROOT = macosx;
				SWIFT_ACTIVE_COMPILATION_CONDITIONS = "DEBUG $(inherited)";
				SWIFT_OPTIMIZATION_LEVEL = "-Onone";
				SWIFT_VERSION = 5.0;
			};
			name = Debug;
		};
		AAA00800001 /* Release */ = {
			isa = XCBuildConfiguration;
			buildSettings = {
				ALWAYS_SEARCH_USER_PATHS = NO;
				ASSETCATALOG_COMPILER_GENERATE_SWIFT_ASSET_SYMBOL_EXTENSIONS = YES;
				CLANG_ANALYZER_NONNULL = YES;
				CLANG_ANALYZER_NUMBER_OBJECT_CONVERSION = YES_AGGRESSIVE;
				CLANG_CXX_LANGUAGE_STANDARD = "gnu++20";
				CLANG_ENABLE_MODULES = YES;
				CLANG_ENABLE_OBJC_ARC = YES;
				CLANG_ENABLE_OBJC_WEAK = YES;
				CLANG_WARN_BLOCK_CAPTURE_AUTORELEASING = YES;
				CLANG_WARN_BOOL_CONVERSION = YES;
				CLANG_WARN_COMMA = YES;
				CLANG_WARN_CONSTANT_CONVERSION = YES;
				CLANG_WARN_DEPRECATED_OBJC_IMPLEMENTATIONS = YES;
				CLANG_WARN_DIRECT_OBJC_ISA_USAGE = YES_ERROR;
				CLANG_WARN_DOCUMENTATION_COMMENTS = YES;
				CLANG_WARN_EMPTY_BODY = YES;
				CLANG_WARN_ENUM_CONVERSION = YES;
				CLANG_WARN_INFINITE_RECURSION = YES;
				CLANG_WARN_INT_CONVERSION = YES;
				CLANG_WARN_NON_LITERAL_NULL_CONVERSION = YES;
				CLANG_WARN_OBJC_IMPLICIT_RETAIN_SELF = YES;
				CLANG_WARN_OBJC_LITERAL_CONVERSION = YES;
				CLANG_WARN_OBJC_ROOT_CLASS = YES_ERROR;
				CLANG_WARN_QUOTED_INCLUDE_IN_FRAMEWORK_HEADER = YES;
				CLANG_WARN_RANGE_LOOP_ANALYSIS = YES;
				CLANG_WARN_STRICT_PROTOTYPES = YES;
				CLANG_WARN_SUSPICIOUS_MOVE = YES;
				CLANG_WARN_UNGUARDED_AVAILABILITY = YES_AGGRESSIVE;
				CLANG_WARN_UNREACHABLE_CODE = YES;
				CLANG_WARN__DUPLICATE_METHOD_MATCH = YES;
				COPY_PHASE_STRIP = NO;
				DEBUG_INFORMATION_FORMAT = "dwarf-with-dsym";
				ENABLE_NS_ASSERTIONS = NO;
				ENABLE_STRICT_OBJC_MSGSEND = YES;
				ENABLE_USER_SCRIPT_SANDBOXING = YES;
				GCC_C_LANGUAGE_STANDARD = gnu17;
				GCC_NO_COMMON_BLOCKS = YES;
				GCC_WARN_64_TO_32_BIT_CONVERSION = YES;
				GCC_WARN_ABOUT_RETURN_TYPE = YES_ERROR;
				GCC_WARN_UNDECLARED_SELECTOR = YES;
				GCC_WARN_UNINITIALIZED_AUTOS = YES_AGGRESSIVE;
				GCC_WARN_UNUSED_FUNCTION = YES;
				GCC_WARN_UNUSED_VARIABLE = YES;
				LOCALIZATION_PREFERS_STRING_CATALOGS = YES;
				MACOSX_DEPLOYMENT_TARGET = 15.0;
				MTL_ENABLE_DEBUG_INFO = NO;
				MTL_FAST_MATH = YES;
				SDKROOT = macosx;
				SWIFT_COMPILATION_MODE = wholemodule;
				SWIFT_VERSION = 5.0;
			};
			name = Release;
		};
		AAA00800002 /* Debug */ = {
			isa = XCBuildConfiguration;
			buildSettings = {
				ASSETCATALOG_COMPILER_APPICON_NAME = AppIcon;
				ASSETCATALOG_COMPILER_GLOBAL_ACCENT_COLOR_NAME = AccentColor;
				CODE_SIGN_ENTITLEMENTS = "";
				CODE_SIGN_STYLE = Automatic;
				COMBINE_HIDPI_IMAGES = YES;
				CURRENT_PROJECT_VERSION = 1;
				DEVELOPMENT_TEAM = "";
				ENABLE_HARDENED_RUNTIME = YES;
				GENERATE_INFOPLIST_FILE = NO;
				INFOPLIST_FILE = Resources/Info.plist;
				INFOPLIST_KEY_LSApplicationCategoryType = "public.app-category.productivity";
				INFOPLIST_KEY_NSHumanReadableCopyright = "Copyright 2026. All rights reserved.";
				LD_RUNPATH_SEARCH_PATHS = (
					"$(inherited)",
					"@executable_path/../Frameworks",
				);
				MARKETING_VERSION = 1.0;
				PRODUCT_BUNDLE_IDENTIFIER = com.memoo.app;
				PRODUCT_NAME = "$(TARGET_NAME)";
				SWIFT_EMIT_LOC_STRINGS = YES;
				SWIFT_VERSION = 5.0;
			};
			name = Debug;
		};
		AAA00800003 /* Release */ = {
			isa = XCBuildConfiguration;
			buildSettings = {
				ASSETCATALOG_COMPILER_APPICON_NAME = AppIcon;
				ASSETCATALOG_COMPILER_GLOBAL_ACCENT_COLOR_NAME = AccentColor;
				CODE_SIGN_ENTITLEMENTS = "";
				CODE_SIGN_STYLE = Automatic;
				COMBINE_HIDPI_IMAGES = YES;
				CURRENT_PROJECT_VERSION = 1;
				DEVELOPMENT_TEAM = "";
				ENABLE_HARDENED_RUNTIME = YES;
				GENERATE_INFOPLIST_FILE = NO;
				INFOPLIST_FILE = Resources/Info.plist;
				INFOPLIST_KEY_LSApplicationCategoryType = "public.app-category.productivity";
				INFOPLIST_KEY_NSHumanReadableCopyright = "Copyright 2026. All rights reserved.";
				LD_RUNPATH_SEARCH_PATHS = (
					"$(inherited)",
					"@executable_path/../Frameworks",
				);
				MARKETING_VERSION = 1.0;
				PRODUCT_BUNDLE_IDENTIFIER = com.memoo.app;
				PRODUCT_NAME = "$(TARGET_NAME)";
				SWIFT_EMIT_LOC_STRINGS = YES;
				SWIFT_VERSION = 5.0;
			};
			name = Release;
		};
		AAA00800004 /* Debug */ = {
			isa = XCBuildConfiguration;
			buildSettings = {
				BUNDLE_LOADER = "$(TEST_HOST)";
				CODE_SIGN_STYLE = Automatic;
				CURRENT_PROJECT_VERSION = 1;
				DEVELOPMENT_TEAM = "";
				GENERATE_INFOPLIST_FILE = YES;
				MACOSX_DEPLOYMENT_TARGET = 15.0;
				MARKETING_VERSION = 1.0;
				PRODUCT_BUNDLE_IDENTIFIER = com.memoo.app.tests;
				PRODUCT_NAME = "$(TARGET_NAME)";
				SWIFT_EMIT_LOC_STRINGS = NO;
				SWIFT_VERSION = 5.0;
				TEST_HOST = "$(BUILT_PRODUCTS_DIR)/Memoo.app/$(BUNDLE_EXECUTABLE_FOLDER_PATH)/Memoo";
			};
			name = Debug;
		};
		AAA00800005 /* Release */ = {
			isa = XCBuildConfiguration;
			buildSettings = {
				BUNDLE_LOADER = "$(TEST_HOST)";
				CODE_SIGN_STYLE = Automatic;
				CURRENT_PROJECT_VERSION = 1;
				DEVELOPMENT_TEAM = "";
				GENERATE_INFOPLIST_FILE = YES;
				MACOSX_DEPLOYMENT_TARGET = 15.0;
				MARKETING_VERSION = 1.0;
				PRODUCT_BUNDLE_IDENTIFIER = com.memoo.app.tests;
				PRODUCT_NAME = "$(TARGET_NAME)";
				SWIFT_EMIT_LOC_STRINGS = NO;
				SWIFT_VERSION = 5.0;
				TEST_HOST = "$(BUILT_PRODUCTS_DIR)/Memoo.app/$(BUNDLE_EXECUTABLE_FOLDER_PATH)/Memoo";
			};
			name = Release;
		};
/* End XCBuildConfiguration section */

/* Begin XCConfigurationList section */
		AAA00400000 /* Build configuration list for PBXNativeTarget "Memoo" */ = {
			isa = XCConfigurationList;
			buildConfigurations = (
				AAA00800002 /* Debug */,
				AAA00800003 /* Release */,
			);
			defaultConfigurationIsVisible = 0;
			defaultConfigurationName = Release;
		};
		AAA00400001 /* Build configuration list for PBXNativeTarget "MemooTests" */ = {
			isa = XCConfigurationList;
			buildConfigurations = (
				AAA00800004 /* Debug */,
				AAA00800005 /* Release */,
			);
			defaultConfigurationIsVisible = 0;
			defaultConfigurationName = Release;
		};
		AAA00400002 /* Build configuration list for PBXProject "Memoo" */ = {
			isa = XCConfigurationList;
			buildConfigurations = (
				AAA00800000 /* Debug */,
				AAA00800001 /* Release */,
			);
			defaultConfigurationIsVisible = 0;
			defaultConfigurationName = Release;
		};
/* End XCConfigurationList section */

/* Begin XCRemoteSwiftPackageReference section */
		AAA00700000 /* XCRemoteSwiftPackageReference "HotKey" */ = {
			isa = XCRemoteSwiftPackageReference;
			repositoryURL = "https://github.com/soffes/HotKey";
			requirement = {
				kind = upToNextMajorVersion;
				minimumVersion = 0.2.0;
			};
		};
/* End XCRemoteSwiftPackageReference section */

/* Begin XCSwiftPackageProductDependency section */
		AAA00006000 /* HotKey */ = {
			isa = XCSwiftPackageProductDependency;
			package = AAA00700000 /* XCRemoteSwiftPackageReference "HotKey" */;
			productName = HotKey;
		};
/* End XCSwiftPackageProductDependency section */

	};
	rootObject = AAA00000000 /* Project object */;
}
